<Solution>
  <Folder Name="/itms/">
    <File Path=".editorconfig" />
    <File Path=".gitattributes" />
    <File Path=".gitignore" />
    <File Path="AsyncApostle.sln.DotSettings" />
    <File Path="pack.ps1" />
    <File Path="Directory.Build.props" />
    <File Path="Directory.Build.targets" />
    <File Path="Directory.Packages.props" />
    <File Path="Strict.ruleset" />
  </Folder>
  <Folder Name="/srcs/">
    <Project Path="AsyncApostle/AsyncApostle.csproj" />
    <Project Path="AsyncApostle/AsyncApostle.Rider.csproj" />
  </Folder>
</Solution>
